
Microsoft Visual Studio Solution File, Format Version 12.00
# Visual Studio Version 16
VisualStudioVersion = 16.0.31829.152
MinimumVisualStudioVersion = 10.0.40219.1
Project("{FAE04EC0-301F-11D3-BF4B-00C04F79EFBC}") = "RainbowTables", "RainbowTables\RainbowTables.csproj", "{09D4CCA4-E824-4449-94FF-341C5BCB9A28}"
EndProject
Global
	GlobalSection(SolutionConfigurationPlatforms) = preSolution
		Debug|Any CPU = Debug|Any CPU
		Release|Any CPU = Release|Any CPU
	EndGlobalSection
	GlobalSection(ProjectConfigurationPlatforms) = postSolution
		{09D4CCA4-E824-4449-94FF-341C5BCB9A28}.Debug|Any CPU.ActiveCfg = Debug|Any CPU
		{09D4CCA4-E824-4449-94FF-341C5BCB9A28}.Debug|Any CPU.Build.0 = Debug|Any CPU
		{09D4CCA4-E824-4449-94FF-341C5BCB9A28}.Release|Any CPU.ActiveCfg = Release|Any CPU
		{09D4CCA4-E824-4449-94FF-341C5BCB9A28}.Release|Any CPU.Build.0 = Release|Any CPU
	EndGlobalSection
	GlobalSection(SolutionProperties) = preSolution
		HideSolutionNode = FALSE
	EndGlobalSection
	GlobalSection(ExtensibilityGlobals) = postSolution
		SolutionGuid = {CAC007E8-2184-4894-AB06-D5FEC47377BC}
	EndGlobalSection
EndGlobal
